
Microsoft Visual Studio Solution File, Format Version 12.00
# Visual Studio Version 16
VisualStudioVersion = 16.0.31624.102
MinimumVisualStudioVersion = 10.0.40219.1
Project("{8BC9CEB8-8B4A-11D0-8D11-00A0C91BC942}") = "1", "1\1.vcxproj", "{3455C329-E65D-4B47-B554-2A82EC80B064}"
EndProject
Project("{8BC9CEB8-8B4A-11D0-8D11-00A0C91BC942}") = "2", "2\2.vcxproj", "{86F81247-4644-4ADA-B079-5C631628F6A7}"
EndProject
Project("{8BC9CEB8-8B4A-11D0-8D11-00A0C91BC942}") = "3", "3\3.vcxproj", "{A7540197-7CDE-4D0F-9DD0-C19F32B74678}"
EndProject
Project("{8BC9CEB8-8B4A-11D0-8D11-00A0C91BC942}") = "4", "4\4.vcxproj", "{EF3F42F0-7B97-4A3E-AED6-E09B03BAEEFF}"
EndProject
Project("{8BC9CEB8-8B4A-11D0-8D11-00A0C91BC942}") = "5", "5\5.vcxproj", "{F98427B9-6D2F-489D-B6B1-361F668664A3}"
EndProject
Project("{8BC9CEB8-8B4A-11D0-8D11-00A0C91BC942}") = "6", "6\6.vcxproj", "{C2DED6FD-8B99-497C-A8BC-C674D1504150}"
EndProject
Project("{8BC9CEB8-8B4A-11D0-8D11-00A0C91BC942}") = "7", "7\7.vcxproj", "{7C326AC1-B6DD-4C36-A361-2547CC415F86}"
EndProject
Project("{8BC9CEB8-8B4A-11D0-8D11-00A0C91BC942}") = "8", "8\8.vcxproj", "{07DBE062-4D3C-401B-B7D0-EACC967A1009}"
EndProject
Project("{8BC9CEB8-8B4A-11D0-8D11-00A0C91BC942}") = "9", "9\9.vcxproj", "{6D7B1915-008D-4DA6-A543-4A336F8915AE}"
EndProject
Global
	GlobalSection(SolutionConfigurationPlatforms) = preSolution
		Debug|x64 = Debug|x64
		Debug|x86 = Debug|x86
		Release|x64 = Release|x64
		Release|x86 = Release|x86
	EndGlobalSection
	GlobalSection(ProjectConfigurationPlatforms) = postSolution
		{3455C329-E65D-4B47-B554-2A82EC80B064}.Debug|x64.ActiveCfg = Debug|x64
		{3455C329-E65D-4B47-B554-2A82EC80B064}.Debug|x64.Build.0 = Debug|x64
		{3455C329-E65D-4B47-B554-2A82EC80B064}.Debug|x86.ActiveCfg = Debug|Win32
		{3455C329-E65D-4B47-B554-2A82EC80B064}.Debug|x86.Build.0 = Debug|Win32
		{3455C329-E65D-4B47-B554-2A82EC80B064}.Release|x64.ActiveCfg = Release|x64
		{3455C329-E65D-4B47-B554-2A82EC80B064}.Release|x64.Build.0 = Release|x64
		{3455C329-E65D-4B47-B554-2A82EC80B064}.Release|x86.ActiveCfg = Release|Win32
		{3455C329-E65D-4B47-B554-2A82EC80B064}.Release|x86.Build.0 = Release|Win32
		{86F81247-4644-4ADA-B079-5C631628F6A7}.Debug|x64.ActiveCfg = Debug|x64
		{86F81247-4644-4ADA-B079-5C631628F6A7}.Debug|x64.Build.0 = Debug|x64
		{86F81247-4644-4ADA-B079-5C631628F6A7}.Debug|x86.ActiveCfg = Debug|Win32
		{86F81247-4644-4ADA-B079-5C631628F6A7}.Debug|x86.Build.0 = Debug|Win32
		{86F81247-4644-4ADA-B079-5C631628F6A7}.Release|x64.ActiveCfg = Release|x64
		{86F81247-4644-4ADA-B079-5C631628F6A7}.Release|x64.Build.0 = Release|x64
		{86F81247-4644-4ADA-B079-5C631628F6A7}.Release|x86.ActiveCfg = Release|Win32
		{86F81247-4644-4ADA-B079-5C631628F6A7}.Release|x86.Build.0 = Release|Win32
		{A7540197-7CDE-4D0F-9DD0-C19F32B74678}.Debug|x64.ActiveCfg = Debug|x64
		{A7540197-7CDE-4D0F-9DD0-C19F32B74678}.Debug|x64.Build.0 = Debug|x64
		{A7540197-7CDE-4D0F-9DD0-C19F32B74678}.Debug|x86.ActiveCfg = Debug|Win32
		{A7540197-7CDE-4D0F-9DD0-C19F32B74678}.Debug|x86.Build.0 = Debug|Win32
		{A7540197-7CDE-4D0F-9DD0-C19F32B74678}.Release|x64.ActiveCfg = Release|x64
		{A7540197-7CDE-4D0F-9DD0-C19F32B74678}.Release|x64.Build.0 = Release|x64
		{A7540197-7CDE-4D0F-9DD0-C19F32B74678}.Release|x86.ActiveCfg = Release|Win32
		{A7540197-7CDE-4D0F-9DD0-C19F32B74678}.Release|x86.Build.0 = Release|Win32
		{EF3F42F0-7B97-4A3E-AED6-E09B03BAEEFF}.Debug|x64.ActiveCfg = Debug|x64
		{EF3F42F0-7B97-4A3E-AED6-E09B03BAEEFF}.Debug|x64.Build.0 = Debug|x64
		{EF3F42F0-7B97-4A3E-AED6-E09B03BAEEFF}.Debug|x86.ActiveCfg = Debug|Win32
		{EF3F42F0-7B97-4A3E-AED6-E09B03BAEEFF}.Debug|x86.Build.0 = Debug|Win32
		{EF3F42F0-7B97-4A3E-AED6-E09B03BAEEFF}.Release|x64.ActiveCfg = Release|x64
		{EF3F42F0-7B97-4A3E-AED6-E09B03BAEEFF}.Release|x64.Build.0 = Release|x64
		{EF3F42F0-7B97-4A3E-AED6-E09B03BAEEFF}.Release|x86.ActiveCfg = Release|Win32
		{EF3F42F0-7B97-4A3E-AED6-E09B03BAEEFF}.Release|x86.Build.0 = Release|Win32
		{F98427B9-6D2F-489D-B6B1-361F668664A3}.Debug|x64.ActiveCfg = Debug|x64
		{F98427B9-6D2F-489D-B6B1-361F668664A3}.Debug|x64.Build.0 = Debug|x64
		{F98427B9-6D2F-489D-B6B1-361F668664A3}.Debug|x86.ActiveCfg = Debug|Win32
		{F98427B9-6D2F-489D-B6B1-361F668664A3}.Debug|x86.Build.0 = Debug|Win32
		{F98427B9-6D2F-489D-B6B1-361F668664A3}.Release|x64.ActiveCfg = Release|x64
		{F98427B9-6D2F-489D-B6B1-361F668664A3}.Release|x64.Build.0 = Release|x64
		{F98427B9-6D2F-489D-B6B1-361F668664A3}.Release|x86.ActiveCfg = Release|Win32
		{F98427B9-6D2F-489D-B6B1-361F668664A3}.Release|x86.Build.0 = Release|Win32
		{C2DED6FD-8B99-497C-A8BC-C674D1504150}.Debug|x64.ActiveCfg = Debug|x64
		{C2DED6FD-8B99-497C-A8BC-C674D1504150}.Debug|x64.Build.0 = Debug|x64
		{C2DED6FD-8B99-497C-A8BC-C674D1504150}.Debug|x86.ActiveCfg = Debug|Win32
		{C2DED6FD-8B99-497C-A8BC-C674D1504150}.Debug|x86.Build.0 = Debug|Win32
		{C2DED6FD-8B99-497C-A8BC-C674D1504150}.Release|x64.ActiveCfg = Release|x64
		{C2DED6FD-8B99-497C-A8BC-C674D1504150}.Release|x64.Build.0 = Release|x64
		{C2DED6FD-8B99-497C-A8BC-C674D1504150}.Release|x86.ActiveCfg = Release|Win32
		{C2DED6FD-8B99-497C-A8BC-C674D1504150}.Release|x86.Build.0 = Release|Win32
		{7C326AC1-B6DD-4C36-A361-2547CC415F86}.Debug|x64.ActiveCfg = Debug|x64
		{7C326AC1-B6DD-4C36-A361-2547CC415F86}.Debug|x64.Build.0 = Debug|x64
		{7C326AC1-B6DD-4C36-A361-2547CC415F86}.Debug|x86.ActiveCfg = Debug|Win32
		{7C326AC1-B6DD-4C36-A361-2547CC415F86}.Debug|x86.Build.0 = Debug|Win32
		{7C326AC1-B6DD-4C36-A361-2547CC415F86}.Release|x64.ActiveCfg = Release|x64
		{7C326AC1-B6DD-4C36-A361-2547CC415F86}.Release|x64.Build.0 = Release|x64
		{7C326AC1-B6DD-4C36-A361-2547CC415F86}.Release|x86.ActiveCfg = Release|Win32
		{7C326AC1-B6DD-4C36-A361-2547CC415F86}.Release|x86.Build.0 = Release|Win32
		{07DBE062-4D3C-401B-B7D0-EACC967A1009}.Debug|x64.ActiveCfg = Debug|x64
		{07DBE062-4D3C-401B-B7D0-EACC967A1009}.Debug|x64.Build.0 = Debug|x64
		{07DBE062-4D3C-401B-B7D0-EACC967A1009}.Debug|x86.ActiveCfg = Debug|Win32
		{07DBE062-4D3C-401B-B7D0-EACC967A1009}.Debug|x86.Build.0 = Debug|Win32
		{07DBE062-4D3C-401B-B7D0-EACC967A1009}.Release|x64.ActiveCfg = Release|x64
		{07DBE062-4D3C-401B-B7D0-EACC967A1009}.Release|x64.Build.0 = Release|x64
		{07DBE062-4D3C-401B-B7D0-EACC967A1009}.Release|x86.ActiveCfg = Release|Win32
		{07DBE062-4D3C-401B-B7D0-EACC967A1009}.Release|x86.Build.0 = Release|Win32
		{6D7B1915-008D-4DA6-A543-4A336F8915AE}.Debug|x64.ActiveCfg = Debug|x64
		{6D7B1915-008D-4DA6-A543-4A336F8915AE}.Debug|x64.Build.0 = Debug|x64
		{6D7B1915-008D-4DA6-A543-4A336F8915AE}.Debug|x86.ActiveCfg = Debug|Win32
		{6D7B1915-008D-4DA6-A543-4A336F8915AE}.Debug|x86.Build.0 = Debug|Win32
		{6D7B1915-008D-4DA6-A543-4A336F8915AE}.Release|x64.ActiveCfg = Release|x64
		{6D7B1915-008D-4DA6-A543-4A336F8915AE}.Release|x64.Build.0 = Release|x64
		{6D7B1915-008D-4DA6-A543-4A336F8915AE}.Release|x86.ActiveCfg = Release|Win32
		{6D7B1915-008D-4DA6-A543-4A336F8915AE}.Release|x86.Build.0 = Release|Win32
	EndGlobalSection
	GlobalSection(SolutionProperties) = preSolution
		HideSolutionNode = FALSE
	EndGlobalSection
	GlobalSection(ExtensibilityGlobals) = postSolution
		SolutionGuid = {55C829E3-AB20-4D50-9CDB-0C6F2D5C7CFD}
	EndGlobalSection
EndGlobal
