
Microsoft Visual Studio Solution File, Format Version 12.00
# Visual Studio Version 16
VisualStudioVersion = 16.0.31624.102
MinimumVisualStudioVersion = 10.0.40219.1
Project("{8BC9CEB8-8B4A-11D0-8D11-00A0C91BC942}") = "1", "1\1.vcxproj", "{05FB92A6-DE6A-4D4A-86B9-0C84EF577354}"
EndProject
Project("{8BC9CEB8-8B4A-11D0-8D11-00A0C91BC942}") = "2", "2\2.vcxproj", "{E0F333BB-7798-4FCE-96F2-9174FE1B3FF2}"
EndProject
Project("{8BC9CEB8-8B4A-11D0-8D11-00A0C91BC942}") = "3", "3\3.vcxproj", "{14765D2C-DE79-43CC-89ED-B15903FEC761}"
EndProject
Project("{8BC9CEB8-8B4A-11D0-8D11-00A0C91BC942}") = "4", "4\4.vcxproj", "{1F01CA55-25AA-44DB-B5B7-15A8CF7F412F}"
EndProject
Project("{8BC9CEB8-8B4A-11D0-8D11-00A0C91BC942}") = "5", "5\5.vcxproj", "{D5E19872-9F79-4DA9-9F2E-3214B9568CEC}"
EndProject
Project("{8BC9CEB8-8B4A-11D0-8D11-00A0C91BC942}") = "6", "6\6.vcxproj", "{36BC8712-E519-4D57-849B-9508FA6490DD}"
EndProject
Project("{8BC9CEB8-8B4A-11D0-8D11-00A0C91BC942}") = "7", "7\7.vcxproj", "{D3356FC6-7794-499D-B098-2CEC525C5833}"
EndProject
Project("{8BC9CEB8-8B4A-11D0-8D11-00A0C91BC942}") = "8", "8\8.vcxproj", "{527DF81E-AF76-4C2C-9FBA-3053AD9F9C9E}"
EndProject
Project("{8BC9CEB8-8B4A-11D0-8D11-00A0C91BC942}") = "9", "9\9.vcxproj", "{F6D53695-150E-4116-9FA9-0759FD4BB34A}"
EndProject
Project("{8BC9CEB8-8B4A-11D0-8D11-00A0C91BC942}") = "10", "10\10.vcxproj", "{5013775E-3A6F-4A1E-A942-FAB56064B319}"
EndProject
Project("{8BC9CEB8-8B4A-11D0-8D11-00A0C91BC942}") = "11", "11\11.vcxproj", "{561C5BD2-8623-460C-8FDF-BBBD83F40EAC}"
EndProject
Project("{8BC9CEB8-8B4A-11D0-8D11-00A0C91BC942}") = "12", "12\12.vcxproj", "{5A0D4BA3-C6D7-47EB-910D-6056F0B4BF78}"
EndProject
Project("{8BC9CEB8-8B4A-11D0-8D11-00A0C91BC942}") = "13", "13\13.vcxproj", "{0548D10E-959A-4FB4-A19E-2693575ADCFC}"
EndProject
Project("{8BC9CEB8-8B4A-11D0-8D11-00A0C91BC942}") = "14", "14\14.vcxproj", "{E076AF72-7AD6-4688-9091-B7D46C54A7D2}"
EndProject
Project("{8BC9CEB8-8B4A-11D0-8D11-00A0C91BC942}") = "15", "15\15.vcxproj", "{F06407D7-7C60-433B-B4C4-135A89ABC3E7}"
EndProject
Global
	GlobalSection(SolutionConfigurationPlatforms) = preSolution
		Debug|x64 = Debug|x64
		Debug|x86 = Debug|x86
		Release|x64 = Release|x64
		Release|x86 = Release|x86
	EndGlobalSection
	GlobalSection(ProjectConfigurationPlatforms) = postSolution
		{05FB92A6-DE6A-4D4A-86B9-0C84EF577354}.Debug|x64.ActiveCfg = Debug|x64
		{05FB92A6-DE6A-4D4A-86B9-0C84EF577354}.Debug|x64.Build.0 = Debug|x64
		{05FB92A6-DE6A-4D4A-86B9-0C84EF577354}.Debug|x86.ActiveCfg = Debug|Win32
		{05FB92A6-DE6A-4D4A-86B9-0C84EF577354}.Debug|x86.Build.0 = Debug|Win32
		{05FB92A6-DE6A-4D4A-86B9-0C84EF577354}.Release|x64.ActiveCfg = Release|x64
		{05FB92A6-DE6A-4D4A-86B9-0C84EF577354}.Release|x64.Build.0 = Release|x64
		{05FB92A6-DE6A-4D4A-86B9-0C84EF577354}.Release|x86.ActiveCfg = Release|Win32
		{05FB92A6-DE6A-4D4A-86B9-0C84EF577354}.Release|x86.Build.0 = Release|Win32
		{E0F333BB-7798-4FCE-96F2-9174FE1B3FF2}.Debug|x64.ActiveCfg = Debug|x64
		{E0F333BB-7798-4FCE-96F2-9174FE1B3FF2}.Debug|x64.Build.0 = Debug|x64
		{E0F333BB-7798-4FCE-96F2-9174FE1B3FF2}.Debug|x86.ActiveCfg = Debug|Win32
		{E0F333BB-7798-4FCE-96F2-9174FE1B3FF2}.Debug|x86.Build.0 = Debug|Win32
		{E0F333BB-7798-4FCE-96F2-9174FE1B3FF2}.Release|x64.ActiveCfg = Release|x64
		{E0F333BB-7798-4FCE-96F2-9174FE1B3FF2}.Release|x64.Build.0 = Release|x64
		{E0F333BB-7798-4FCE-96F2-9174FE1B3FF2}.Release|x86.ActiveCfg = Release|Win32
		{E0F333BB-7798-4FCE-96F2-9174FE1B3FF2}.Release|x86.Build.0 = Release|Win32
		{14765D2C-DE79-43CC-89ED-B15903FEC761}.Debug|x64.ActiveCfg = Debug|x64
		{14765D2C-DE79-43CC-89ED-B15903FEC761}.Debug|x64.Build.0 = Debug|x64
		{14765D2C-DE79-43CC-89ED-B15903FEC761}.Debug|x86.ActiveCfg = Debug|Win32
		{14765D2C-DE79-43CC-89ED-B15903FEC761}.Debug|x86.Build.0 = Debug|Win32
		{14765D2C-DE79-43CC-89ED-B15903FEC761}.Release|x64.ActiveCfg = Release|x64
		{14765D2C-DE79-43CC-89ED-B15903FEC761}.Release|x64.Build.0 = Release|x64
		{14765D2C-DE79-43CC-89ED-B15903FEC761}.Release|x86.ActiveCfg = Release|Win32
		{14765D2C-DE79-43CC-89ED-B15903FEC761}.Release|x86.Build.0 = Release|Win32
		{1F01CA55-25AA-44DB-B5B7-15A8CF7F412F}.Debug|x64.ActiveCfg = Debug|x64
		{1F01CA55-25AA-44DB-B5B7-15A8CF7F412F}.Debug|x64.Build.0 = Debug|x64
		{1F01CA55-25AA-44DB-B5B7-15A8CF7F412F}.Debug|x86.ActiveCfg = Debug|Win32
		{1F01CA55-25AA-44DB-B5B7-15A8CF7F412F}.Debug|x86.Build.0 = Debug|Win32
		{1F01CA55-25AA-44DB-B5B7-15A8CF7F412F}.Release|x64.ActiveCfg = Release|x64
		{1F01CA55-25AA-44DB-B5B7-15A8CF7F412F}.Release|x64.Build.0 = Release|x64
		{1F01CA55-25AA-44DB-B5B7-15A8CF7F412F}.Release|x86.ActiveCfg = Release|Win32
		{1F01CA55-25AA-44DB-B5B7-15A8CF7F412F}.Release|x86.Build.0 = Release|Win32
		{D5E19872-9F79-4DA9-9F2E-3214B9568CEC}.Debug|x64.ActiveCfg = Debug|x64
		{D5E19872-9F79-4DA9-9F2E-3214B9568CEC}.Debug|x64.Build.0 = Debug|x64
		{D5E19872-9F79-4DA9-9F2E-3214B9568CEC}.Debug|x86.ActiveCfg = Debug|Win32
		{D5E19872-9F79-4DA9-9F2E-3214B9568CEC}.Debug|x86.Build.0 = Debug|Win32
		{D5E19872-9F79-4DA9-9F2E-3214B9568CEC}.Release|x64.ActiveCfg = Release|x64
		{D5E19872-9F79-4DA9-9F2E-3214B9568CEC}.Release|x64.Build.0 = Release|x64
		{D5E19872-9F79-4DA9-9F2E-3214B9568CEC}.Release|x86.ActiveCfg = Release|Win32
		{D5E19872-9F79-4DA9-9F2E-3214B9568CEC}.Release|x86.Build.0 = Release|Win32
		{36BC8712-E519-4D57-849B-9508FA6490DD}.Debug|x64.ActiveCfg = Debug|x64
		{36BC8712-E519-4D57-849B-9508FA6490DD}.Debug|x64.Build.0 = Debug|x64
		{36BC8712-E519-4D57-849B-9508FA6490DD}.Debug|x86.ActiveCfg = Debug|Win32
		{36BC8712-E519-4D57-849B-9508FA6490DD}.Debug|x86.Build.0 = Debug|Win32
		{36BC8712-E519-4D57-849B-9508FA6490DD}.Release|x64.ActiveCfg = Release|x64
		{36BC8712-E519-4D57-849B-9508FA6490DD}.Release|x64.Build.0 = Release|x64
		{36BC8712-E519-4D57-849B-9508FA6490DD}.Release|x86.ActiveCfg = Release|Win32
		{36BC8712-E519-4D57-849B-9508FA6490DD}.Release|x86.Build.0 = Release|Win32
		{D3356FC6-7794-499D-B098-2CEC525C5833}.Debug|x64.ActiveCfg = Debug|x64
		{D3356FC6-7794-499D-B098-2CEC525C5833}.Debug|x64.Build.0 = Debug|x64
		{D3356FC6-7794-499D-B098-2CEC525C5833}.Debug|x86.ActiveCfg = Debug|Win32
		{D3356FC6-7794-499D-B098-2CEC525C5833}.Debug|x86.Build.0 = Debug|Win32
		{D3356FC6-7794-499D-B098-2CEC525C5833}.Release|x64.ActiveCfg = Release|x64
		{D3356FC6-7794-499D-B098-2CEC525C5833}.Release|x64.Build.0 = Release|x64
		{D3356FC6-7794-499D-B098-2CEC525C5833}.Release|x86.ActiveCfg = Release|Win32
		{D3356FC6-7794-499D-B098-2CEC525C5833}.Release|x86.Build.0 = Release|Win32
		{527DF81E-AF76-4C2C-9FBA-3053AD9F9C9E}.Debug|x64.ActiveCfg = Debug|x64
		{527DF81E-AF76-4C2C-9FBA-3053AD9F9C9E}.Debug|x64.Build.0 = Debug|x64
		{527DF81E-AF76-4C2C-9FBA-3053AD9F9C9E}.Debug|x86.ActiveCfg = Debug|Win32
		{527DF81E-AF76-4C2C-9FBA-3053AD9F9C9E}.Debug|x86.Build.0 = Debug|Win32
		{527DF81E-AF76-4C2C-9FBA-3053AD9F9C9E}.Release|x64.ActiveCfg = Release|x64
		{527DF81E-AF76-4C2C-9FBA-3053AD9F9C9E}.Release|x64.Build.0 = Release|x64
		{527DF81E-AF76-4C2C-9FBA-3053AD9F9C9E}.Release|x86.ActiveCfg = Release|Win32
		{527DF81E-AF76-4C2C-9FBA-3053AD9F9C9E}.Release|x86.Build.0 = Release|Win32
		{F6D53695-150E-4116-9FA9-0759FD4BB34A}.Debug|x64.ActiveCfg = Debug|x64
		{F6D53695-150E-4116-9FA9-0759FD4BB34A}.Debug|x64.Build.0 = Debug|x64
		{F6D53695-150E-4116-9FA9-0759FD4BB34A}.Debug|x86.ActiveCfg = Debug|Win32
		{F6D53695-150E-4116-9FA9-0759FD4BB34A}.Debug|x86.Build.0 = Debug|Win32
		{F6D53695-150E-4116-9FA9-0759FD4BB34A}.Release|x64.ActiveCfg = Release|x64
		{F6D53695-150E-4116-9FA9-0759FD4BB34A}.Release|x64.Build.0 = Release|x64
		{F6D53695-150E-4116-9FA9-0759FD4BB34A}.Release|x86.ActiveCfg = Release|Win32
		{F6D53695-150E-4116-9FA9-0759FD4BB34A}.Release|x86.Build.0 = Release|Win32
		{5013775E-3A6F-4A1E-A942-FAB56064B319}.Debug|x64.ActiveCfg = Debug|x64
		{5013775E-3A6F-4A1E-A942-FAB56064B319}.Debug|x64.Build.0 = Debug|x64
		{5013775E-3A6F-4A1E-A942-FAB56064B319}.Debug|x86.ActiveCfg = Debug|Win32
		{5013775E-3A6F-4A1E-A942-FAB56064B319}.Debug|x86.Build.0 = Debug|Win32
		{5013775E-3A6F-4A1E-A942-FAB56064B319}.Release|x64.ActiveCfg = Release|x64
		{5013775E-3A6F-4A1E-A942-FAB56064B319}.Release|x64.Build.0 = Release|x64
		{5013775E-3A6F-4A1E-A942-FAB56064B319}.Release|x86.ActiveCfg = Release|Win32
		{5013775E-3A6F-4A1E-A942-FAB56064B319}.Release|x86.Build.0 = Release|Win32
		{561C5BD2-8623-460C-8FDF-BBBD83F40EAC}.Debug|x64.ActiveCfg = Debug|x64
		{561C5BD2-8623-460C-8FDF-BBBD83F40EAC}.Debug|x64.Build.0 = Debug|x64
		{561C5BD2-8623-460C-8FDF-BBBD83F40EAC}.Debug|x86.ActiveCfg = Debug|Win32
		{561C5BD2-8623-460C-8FDF-BBBD83F40EAC}.Debug|x86.Build.0 = Debug|Win32
		{561C5BD2-8623-460C-8FDF-BBBD83F40EAC}.Release|x64.ActiveCfg = Release|x64
		{561C5BD2-8623-460C-8FDF-BBBD83F40EAC}.Release|x64.Build.0 = Release|x64
		{561C5BD2-8623-460C-8FDF-BBBD83F40EAC}.Release|x86.ActiveCfg = Release|Win32
		{561C5BD2-8623-460C-8FDF-BBBD83F40EAC}.Release|x86.Build.0 = Release|Win32
		{5A0D4BA3-C6D7-47EB-910D-6056F0B4BF78}.Debug|x64.ActiveCfg = Debug|x64
		{5A0D4BA3-C6D7-47EB-910D-6056F0B4BF78}.Debug|x64.Build.0 = Debug|x64
		{5A0D4BA3-C6D7-47EB-910D-6056F0B4BF78}.Debug|x86.ActiveCfg = Debug|Win32
		{5A0D4BA3-C6D7-47EB-910D-6056F0B4BF78}.Debug|x86.Build.0 = Debug|Win32
		{5A0D4BA3-C6D7-47EB-910D-6056F0B4BF78}.Release|x64.ActiveCfg = Release|x64
		{5A0D4BA3-C6D7-47EB-910D-6056F0B4BF78}.Release|x64.Build.0 = Release|x64
		{5A0D4BA3-C6D7-47EB-910D-6056F0B4BF78}.Release|x86.ActiveCfg = Release|Win32
		{5A0D4BA3-C6D7-47EB-910D-6056F0B4BF78}.Release|x86.Build.0 = Release|Win32
		{0548D10E-959A-4FB4-A19E-2693575ADCFC}.Debug|x64.ActiveCfg = Debug|x64
		{0548D10E-959A-4FB4-A19E-2693575ADCFC}.Debug|x64.Build.0 = Debug|x64
		{0548D10E-959A-4FB4-A19E-2693575ADCFC}.Debug|x86.ActiveCfg = Debug|Win32
		{0548D10E-959A-4FB4-A19E-2693575ADCFC}.Debug|x86.Build.0 = Debug|Win32
		{0548D10E-959A-4FB4-A19E-2693575ADCFC}.Release|x64.ActiveCfg = Release|x64
		{0548D10E-959A-4FB4-A19E-2693575ADCFC}.Release|x64.Build.0 = Release|x64
		{0548D10E-959A-4FB4-A19E-2693575ADCFC}.Release|x86.ActiveCfg = Release|Win32
		{0548D10E-959A-4FB4-A19E-2693575ADCFC}.Release|x86.Build.0 = Release|Win32
		{E076AF72-7AD6-4688-9091-B7D46C54A7D2}.Debug|x64.ActiveCfg = Debug|x64
		{E076AF72-7AD6-4688-9091-B7D46C54A7D2}.Debug|x64.Build.0 = Debug|x64
		{E076AF72-7AD6-4688-9091-B7D46C54A7D2}.Debug|x86.ActiveCfg = Debug|Win32
		{E076AF72-7AD6-4688-9091-B7D46C54A7D2}.Debug|x86.Build.0 = Debug|Win32
		{E076AF72-7AD6-4688-9091-B7D46C54A7D2}.Release|x64.ActiveCfg = Release|x64
		{E076AF72-7AD6-4688-9091-B7D46C54A7D2}.Release|x64.Build.0 = Release|x64
		{E076AF72-7AD6-4688-9091-B7D46C54A7D2}.Release|x86.ActiveCfg = Release|Win32
		{E076AF72-7AD6-4688-9091-B7D46C54A7D2}.Release|x86.Build.0 = Release|Win32
		{F06407D7-7C60-433B-B4C4-135A89ABC3E7}.Debug|x64.ActiveCfg = Debug|x64
		{F06407D7-7C60-433B-B4C4-135A89ABC3E7}.Debug|x64.Build.0 = Debug|x64
		{F06407D7-7C60-433B-B4C4-135A89ABC3E7}.Debug|x86.ActiveCfg = Debug|Win32
		{F06407D7-7C60-433B-B4C4-135A89ABC3E7}.Debug|x86.Build.0 = Debug|Win32
		{F06407D7-7C60-433B-B4C4-135A89ABC3E7}.Release|x64.ActiveCfg = Release|x64
		{F06407D7-7C60-433B-B4C4-135A89ABC3E7}.Release|x64.Build.0 = Release|x64
		{F06407D7-7C60-433B-B4C4-135A89ABC3E7}.Release|x86.ActiveCfg = Release|Win32
		{F06407D7-7C60-433B-B4C4-135A89ABC3E7}.Release|x86.Build.0 = Release|Win32
	EndGlobalSection
	GlobalSection(SolutionProperties) = preSolution
		HideSolutionNode = FALSE
	EndGlobalSection
	GlobalSection(ExtensibilityGlobals) = postSolution
		SolutionGuid = {0CAE35E4-8C94-4646-BCC8-D1BD5A882D42}
	EndGlobalSection
EndGlobal
