
Microsoft Visual Studio Solution File, Format Version 12.00
# Visual Studio Version 16
VisualStudioVersion = 16.0.31624.102
MinimumVisualStudioVersion = 10.0.40219.1
Project("{8BC9CEB8-8B4A-11D0-8D11-00A0C91BC942}") = "1", "1\1.vcxproj", "{1675D33B-FE99-4CDC-BB03-8E47AACA4644}"
EndProject
Project("{8BC9CEB8-8B4A-11D0-8D11-00A0C91BC942}") = "2", "2\2.vcxproj", "{D4629CE4-6E53-4A46-86DC-BFDAE72C8278}"
EndProject
Project("{8BC9CEB8-8B4A-11D0-8D11-00A0C91BC942}") = "3", "3\3.vcxproj", "{AC0D4953-93C4-40A9-8888-37F41CC27CBC}"
EndProject
Project("{8BC9CEB8-8B4A-11D0-8D11-00A0C91BC942}") = "4", "4\4.vcxproj", "{355AE48C-BFAE-4355-9C6C-7B36C8E03E44}"
EndProject
Project("{8BC9CEB8-8B4A-11D0-8D11-00A0C91BC942}") = "5", "5\5.vcxproj", "{2CBE8FE6-5ECE-43BE-A864-DFBE3942C262}"
EndProject
Project("{8BC9CEB8-8B4A-11D0-8D11-00A0C91BC942}") = "6", "6\6.vcxproj", "{C04DBDB1-F3B5-4FD0-810E-A52015E87323}"
EndProject
Project("{8BC9CEB8-8B4A-11D0-8D11-00A0C91BC942}") = "7", "7\7.vcxproj", "{80DB8BEB-34AE-448C-989F-CE156993E204}"
EndProject
Project("{8BC9CEB8-8B4A-11D0-8D11-00A0C91BC942}") = "8", "8\8.vcxproj", "{B696B542-4064-440B-99EF-3AD4E655F07D}"
EndProject
Project("{8BC9CEB8-8B4A-11D0-8D11-00A0C91BC942}") = "9", "9\9.vcxproj", "{4241C877-CF65-441C-B952-83872A834B5A}"
EndProject
Project("{8BC9CEB8-8B4A-11D0-8D11-00A0C91BC942}") = "10", "10\10.vcxproj", "{C355AD06-B942-4B2D-983A-30D0B6316FF4}"
EndProject
Project("{8BC9CEB8-8B4A-11D0-8D11-00A0C91BC942}") = "11", "11\11.vcxproj", "{3B676195-68E7-4EB3-B396-135FFA85D90E}"
EndProject
Project("{8BC9CEB8-8B4A-11D0-8D11-00A0C91BC942}") = "12", "12\12.vcxproj", "{E41CD219-6C31-49DE-9E8F-8FB6BC82A28E}"
EndProject
Project("{8BC9CEB8-8B4A-11D0-8D11-00A0C91BC942}") = "13", "13\13.vcxproj", "{3BA27540-0542-43C6-BBA7-994522FC90F5}"
EndProject
Project("{8BC9CEB8-8B4A-11D0-8D11-00A0C91BC942}") = "14", "14\14.vcxproj", "{7F1D2263-73CB-4DF0-A83F-78FD75338357}"
EndProject
Project("{8BC9CEB8-8B4A-11D0-8D11-00A0C91BC942}") = "15", "15\15.vcxproj", "{9AA8B5F3-0FE9-4703-A457-CE5DE12F711C}"
EndProject
Project("{8BC9CEB8-8B4A-11D0-8D11-00A0C91BC942}") = "16", "16\16.vcxproj", "{733FEF4E-543E-41CF-9950-56B65A6C3DB9}"
EndProject
Project("{8BC9CEB8-8B4A-11D0-8D11-00A0C91BC942}") = "17", "17\17.vcxproj", "{307885B2-2418-4DD9-891E-BB28E3921D4A}"
EndProject
Global
	GlobalSection(SolutionConfigurationPlatforms) = preSolution
		Debug|x64 = Debug|x64
		Debug|x86 = Debug|x86
		Release|x64 = Release|x64
		Release|x86 = Release|x86
	EndGlobalSection
	GlobalSection(ProjectConfigurationPlatforms) = postSolution
		{1675D33B-FE99-4CDC-BB03-8E47AACA4644}.Debug|x64.ActiveCfg = Debug|x64
		{1675D33B-FE99-4CDC-BB03-8E47AACA4644}.Debug|x64.Build.0 = Debug|x64
		{1675D33B-FE99-4CDC-BB03-8E47AACA4644}.Debug|x86.ActiveCfg = Debug|Win32
		{1675D33B-FE99-4CDC-BB03-8E47AACA4644}.Debug|x86.Build.0 = Debug|Win32
		{1675D33B-FE99-4CDC-BB03-8E47AACA4644}.Release|x64.ActiveCfg = Release|x64
		{1675D33B-FE99-4CDC-BB03-8E47AACA4644}.Release|x64.Build.0 = Release|x64
		{1675D33B-FE99-4CDC-BB03-8E47AACA4644}.Release|x86.ActiveCfg = Release|Win32
		{1675D33B-FE99-4CDC-BB03-8E47AACA4644}.Release|x86.Build.0 = Release|Win32
		{D4629CE4-6E53-4A46-86DC-BFDAE72C8278}.Debug|x64.ActiveCfg = Debug|x64
		{D4629CE4-6E53-4A46-86DC-BFDAE72C8278}.Debug|x64.Build.0 = Debug|x64
		{D4629CE4-6E53-4A46-86DC-BFDAE72C8278}.Debug|x86.ActiveCfg = Debug|Win32
		{D4629CE4-6E53-4A46-86DC-BFDAE72C8278}.Debug|x86.Build.0 = Debug|Win32
		{D4629CE4-6E53-4A46-86DC-BFDAE72C8278}.Release|x64.ActiveCfg = Release|x64
		{D4629CE4-6E53-4A46-86DC-BFDAE72C8278}.Release|x64.Build.0 = Release|x64
		{D4629CE4-6E53-4A46-86DC-BFDAE72C8278}.Release|x86.ActiveCfg = Release|Win32
		{D4629CE4-6E53-4A46-86DC-BFDAE72C8278}.Release|x86.Build.0 = Release|Win32
		{AC0D4953-93C4-40A9-8888-37F41CC27CBC}.Debug|x64.ActiveCfg = Debug|x64
		{AC0D4953-93C4-40A9-8888-37F41CC27CBC}.Debug|x64.Build.0 = Debug|x64
		{AC0D4953-93C4-40A9-8888-37F41CC27CBC}.Debug|x86.ActiveCfg = Debug|Win32
		{AC0D4953-93C4-40A9-8888-37F41CC27CBC}.Debug|x86.Build.0 = Debug|Win32
		{AC0D4953-93C4-40A9-8888-37F41CC27CBC}.Release|x64.ActiveCfg = Release|x64
		{AC0D4953-93C4-40A9-8888-37F41CC27CBC}.Release|x64.Build.0 = Release|x64
		{AC0D4953-93C4-40A9-8888-37F41CC27CBC}.Release|x86.ActiveCfg = Release|Win32
		{AC0D4953-93C4-40A9-8888-37F41CC27CBC}.Release|x86.Build.0 = Release|Win32
		{355AE48C-BFAE-4355-9C6C-7B36C8E03E44}.Debug|x64.ActiveCfg = Debug|x64
		{355AE48C-BFAE-4355-9C6C-7B36C8E03E44}.Debug|x64.Build.0 = Debug|x64
		{355AE48C-BFAE-4355-9C6C-7B36C8E03E44}.Debug|x86.ActiveCfg = Debug|Win32
		{355AE48C-BFAE-4355-9C6C-7B36C8E03E44}.Debug|x86.Build.0 = Debug|Win32
		{355AE48C-BFAE-4355-9C6C-7B36C8E03E44}.Release|x64.ActiveCfg = Release|x64
		{355AE48C-BFAE-4355-9C6C-7B36C8E03E44}.Release|x64.Build.0 = Release|x64
		{355AE48C-BFAE-4355-9C6C-7B36C8E03E44}.Release|x86.ActiveCfg = Release|Win32
		{355AE48C-BFAE-4355-9C6C-7B36C8E03E44}.Release|x86.Build.0 = Release|Win32
		{2CBE8FE6-5ECE-43BE-A864-DFBE3942C262}.Debug|x64.ActiveCfg = Debug|x64
		{2CBE8FE6-5ECE-43BE-A864-DFBE3942C262}.Debug|x64.Build.0 = Debug|x64
		{2CBE8FE6-5ECE-43BE-A864-DFBE3942C262}.Debug|x86.ActiveCfg = Debug|Win32
		{2CBE8FE6-5ECE-43BE-A864-DFBE3942C262}.Debug|x86.Build.0 = Debug|Win32
		{2CBE8FE6-5ECE-43BE-A864-DFBE3942C262}.Release|x64.ActiveCfg = Release|x64
		{2CBE8FE6-5ECE-43BE-A864-DFBE3942C262}.Release|x64.Build.0 = Release|x64
		{2CBE8FE6-5ECE-43BE-A864-DFBE3942C262}.Release|x86.ActiveCfg = Release|Win32
		{2CBE8FE6-5ECE-43BE-A864-DFBE3942C262}.Release|x86.Build.0 = Release|Win32
		{C04DBDB1-F3B5-4FD0-810E-A52015E87323}.Debug|x64.ActiveCfg = Debug|x64
		{C04DBDB1-F3B5-4FD0-810E-A52015E87323}.Debug|x64.Build.0 = Debug|x64
		{C04DBDB1-F3B5-4FD0-810E-A52015E87323}.Debug|x86.ActiveCfg = Debug|Win32
		{C04DBDB1-F3B5-4FD0-810E-A52015E87323}.Debug|x86.Build.0 = Debug|Win32
		{C04DBDB1-F3B5-4FD0-810E-A52015E87323}.Release|x64.ActiveCfg = Release|x64
		{C04DBDB1-F3B5-4FD0-810E-A52015E87323}.Release|x64.Build.0 = Release|x64
		{C04DBDB1-F3B5-4FD0-810E-A52015E87323}.Release|x86.ActiveCfg = Release|Win32
		{C04DBDB1-F3B5-4FD0-810E-A52015E87323}.Release|x86.Build.0 = Release|Win32
		{80DB8BEB-34AE-448C-989F-CE156993E204}.Debug|x64.ActiveCfg = Debug|x64
		{80DB8BEB-34AE-448C-989F-CE156993E204}.Debug|x64.Build.0 = Debug|x64
		{80DB8BEB-34AE-448C-989F-CE156993E204}.Debug|x86.ActiveCfg = Debug|Win32
		{80DB8BEB-34AE-448C-989F-CE156993E204}.Debug|x86.Build.0 = Debug|Win32
		{80DB8BEB-34AE-448C-989F-CE156993E204}.Release|x64.ActiveCfg = Release|x64
		{80DB8BEB-34AE-448C-989F-CE156993E204}.Release|x64.Build.0 = Release|x64
		{80DB8BEB-34AE-448C-989F-CE156993E204}.Release|x86.ActiveCfg = Release|Win32
		{80DB8BEB-34AE-448C-989F-CE156993E204}.Release|x86.Build.0 = Release|Win32
		{B696B542-4064-440B-99EF-3AD4E655F07D}.Debug|x64.ActiveCfg = Debug|x64
		{B696B542-4064-440B-99EF-3AD4E655F07D}.Debug|x64.Build.0 = Debug|x64
		{B696B542-4064-440B-99EF-3AD4E655F07D}.Debug|x86.ActiveCfg = Debug|Win32
		{B696B542-4064-440B-99EF-3AD4E655F07D}.Debug|x86.Build.0 = Debug|Win32
		{B696B542-4064-440B-99EF-3AD4E655F07D}.Release|x64.ActiveCfg = Release|x64
		{B696B542-4064-440B-99EF-3AD4E655F07D}.Release|x64.Build.0 = Release|x64
		{B696B542-4064-440B-99EF-3AD4E655F07D}.Release|x86.ActiveCfg = Release|Win32
		{B696B542-4064-440B-99EF-3AD4E655F07D}.Release|x86.Build.0 = Release|Win32
		{4241C877-CF65-441C-B952-83872A834B5A}.Debug|x64.ActiveCfg = Debug|x64
		{4241C877-CF65-441C-B952-83872A834B5A}.Debug|x64.Build.0 = Debug|x64
		{4241C877-CF65-441C-B952-83872A834B5A}.Debug|x86.ActiveCfg = Debug|Win32
		{4241C877-CF65-441C-B952-83872A834B5A}.Debug|x86.Build.0 = Debug|Win32
		{4241C877-CF65-441C-B952-83872A834B5A}.Release|x64.ActiveCfg = Release|x64
		{4241C877-CF65-441C-B952-83872A834B5A}.Release|x64.Build.0 = Release|x64
		{4241C877-CF65-441C-B952-83872A834B5A}.Release|x86.ActiveCfg = Release|Win32
		{4241C877-CF65-441C-B952-83872A834B5A}.Release|x86.Build.0 = Release|Win32
		{C355AD06-B942-4B2D-983A-30D0B6316FF4}.Debug|x64.ActiveCfg = Debug|x64
		{C355AD06-B942-4B2D-983A-30D0B6316FF4}.Debug|x64.Build.0 = Debug|x64
		{C355AD06-B942-4B2D-983A-30D0B6316FF4}.Debug|x86.ActiveCfg = Debug|Win32
		{C355AD06-B942-4B2D-983A-30D0B6316FF4}.Debug|x86.Build.0 = Debug|Win32
		{C355AD06-B942-4B2D-983A-30D0B6316FF4}.Release|x64.ActiveCfg = Release|x64
		{C355AD06-B942-4B2D-983A-30D0B6316FF4}.Release|x64.Build.0 = Release|x64
		{C355AD06-B942-4B2D-983A-30D0B6316FF4}.Release|x86.ActiveCfg = Release|Win32
		{C355AD06-B942-4B2D-983A-30D0B6316FF4}.Release|x86.Build.0 = Release|Win32
		{3B676195-68E7-4EB3-B396-135FFA85D90E}.Debug|x64.ActiveCfg = Debug|x64
		{3B676195-68E7-4EB3-B396-135FFA85D90E}.Debug|x64.Build.0 = Debug|x64
		{3B676195-68E7-4EB3-B396-135FFA85D90E}.Debug|x86.ActiveCfg = Debug|Win32
		{3B676195-68E7-4EB3-B396-135FFA85D90E}.Debug|x86.Build.0 = Debug|Win32
		{3B676195-68E7-4EB3-B396-135FFA85D90E}.Release|x64.ActiveCfg = Release|x64
		{3B676195-68E7-4EB3-B396-135FFA85D90E}.Release|x64.Build.0 = Release|x64
		{3B676195-68E7-4EB3-B396-135FFA85D90E}.Release|x86.ActiveCfg = Release|Win32
		{3B676195-68E7-4EB3-B396-135FFA85D90E}.Release|x86.Build.0 = Release|Win32
		{E41CD219-6C31-49DE-9E8F-8FB6BC82A28E}.Debug|x64.ActiveCfg = Debug|x64
		{E41CD219-6C31-49DE-9E8F-8FB6BC82A28E}.Debug|x64.Build.0 = Debug|x64
		{E41CD219-6C31-49DE-9E8F-8FB6BC82A28E}.Debug|x86.ActiveCfg = Debug|Win32
		{E41CD219-6C31-49DE-9E8F-8FB6BC82A28E}.Debug|x86.Build.0 = Debug|Win32
		{E41CD219-6C31-49DE-9E8F-8FB6BC82A28E}.Release|x64.ActiveCfg = Release|x64
		{E41CD219-6C31-49DE-9E8F-8FB6BC82A28E}.Release|x64.Build.0 = Release|x64
		{E41CD219-6C31-49DE-9E8F-8FB6BC82A28E}.Release|x86.ActiveCfg = Release|Win32
		{E41CD219-6C31-49DE-9E8F-8FB6BC82A28E}.Release|x86.Build.0 = Release|Win32
		{3BA27540-0542-43C6-BBA7-994522FC90F5}.Debug|x64.ActiveCfg = Debug|x64
		{3BA27540-0542-43C6-BBA7-994522FC90F5}.Debug|x64.Build.0 = Debug|x64
		{3BA27540-0542-43C6-BBA7-994522FC90F5}.Debug|x86.ActiveCfg = Debug|Win32
		{3BA27540-0542-43C6-BBA7-994522FC90F5}.Debug|x86.Build.0 = Debug|Win32
		{3BA27540-0542-43C6-BBA7-994522FC90F5}.Release|x64.ActiveCfg = Release|x64
		{3BA27540-0542-43C6-BBA7-994522FC90F5}.Release|x64.Build.0 = Release|x64
		{3BA27540-0542-43C6-BBA7-994522FC90F5}.Release|x86.ActiveCfg = Release|Win32
		{3BA27540-0542-43C6-BBA7-994522FC90F5}.Release|x86.Build.0 = Release|Win32
		{7F1D2263-73CB-4DF0-A83F-78FD75338357}.Debug|x64.ActiveCfg = Debug|x64
		{7F1D2263-73CB-4DF0-A83F-78FD75338357}.Debug|x64.Build.0 = Debug|x64
		{7F1D2263-73CB-4DF0-A83F-78FD75338357}.Debug|x86.ActiveCfg = Debug|Win32
		{7F1D2263-73CB-4DF0-A83F-78FD75338357}.Debug|x86.Build.0 = Debug|Win32
		{7F1D2263-73CB-4DF0-A83F-78FD75338357}.Release|x64.ActiveCfg = Release|x64
		{7F1D2263-73CB-4DF0-A83F-78FD75338357}.Release|x64.Build.0 = Release|x64
		{7F1D2263-73CB-4DF0-A83F-78FD75338357}.Release|x86.ActiveCfg = Release|Win32
		{7F1D2263-73CB-4DF0-A83F-78FD75338357}.Release|x86.Build.0 = Release|Win32
		{9AA8B5F3-0FE9-4703-A457-CE5DE12F711C}.Debug|x64.ActiveCfg = Debug|x64
		{9AA8B5F3-0FE9-4703-A457-CE5DE12F711C}.Debug|x64.Build.0 = Debug|x64
		{9AA8B5F3-0FE9-4703-A457-CE5DE12F711C}.Debug|x86.ActiveCfg = Debug|Win32
		{9AA8B5F3-0FE9-4703-A457-CE5DE12F711C}.Debug|x86.Build.0 = Debug|Win32
		{9AA8B5F3-0FE9-4703-A457-CE5DE12F711C}.Release|x64.ActiveCfg = Release|x64
		{9AA8B5F3-0FE9-4703-A457-CE5DE12F711C}.Release|x64.Build.0 = Release|x64
		{9AA8B5F3-0FE9-4703-A457-CE5DE12F711C}.Release|x86.ActiveCfg = Release|Win32
		{9AA8B5F3-0FE9-4703-A457-CE5DE12F711C}.Release|x86.Build.0 = Release|Win32
		{733FEF4E-543E-41CF-9950-56B65A6C3DB9}.Debug|x64.ActiveCfg = Debug|x64
		{733FEF4E-543E-41CF-9950-56B65A6C3DB9}.Debug|x64.Build.0 = Debug|x64
		{733FEF4E-543E-41CF-9950-56B65A6C3DB9}.Debug|x86.ActiveCfg = Debug|Win32
		{733FEF4E-543E-41CF-9950-56B65A6C3DB9}.Debug|x86.Build.0 = Debug|Win32
		{733FEF4E-543E-41CF-9950-56B65A6C3DB9}.Release|x64.ActiveCfg = Release|x64
		{733FEF4E-543E-41CF-9950-56B65A6C3DB9}.Release|x64.Build.0 = Release|x64
		{733FEF4E-543E-41CF-9950-56B65A6C3DB9}.Release|x86.ActiveCfg = Release|Win32
		{733FEF4E-543E-41CF-9950-56B65A6C3DB9}.Release|x86.Build.0 = Release|Win32
		{307885B2-2418-4DD9-891E-BB28E3921D4A}.Debug|x64.ActiveCfg = Debug|x64
		{307885B2-2418-4DD9-891E-BB28E3921D4A}.Debug|x64.Build.0 = Debug|x64
		{307885B2-2418-4DD9-891E-BB28E3921D4A}.Debug|x86.ActiveCfg = Debug|Win32
		{307885B2-2418-4DD9-891E-BB28E3921D4A}.Debug|x86.Build.0 = Debug|Win32
		{307885B2-2418-4DD9-891E-BB28E3921D4A}.Release|x64.ActiveCfg = Release|x64
		{307885B2-2418-4DD9-891E-BB28E3921D4A}.Release|x64.Build.0 = Release|x64
		{307885B2-2418-4DD9-891E-BB28E3921D4A}.Release|x86.ActiveCfg = Release|Win32
		{307885B2-2418-4DD9-891E-BB28E3921D4A}.Release|x86.Build.0 = Release|Win32
	EndGlobalSection
	GlobalSection(SolutionProperties) = preSolution
		HideSolutionNode = FALSE
	EndGlobalSection
	GlobalSection(ExtensibilityGlobals) = postSolution
		SolutionGuid = {B7B80454-9B4A-4F9A-BEFB-5070C2A12C3A}
	EndGlobalSection
EndGlobal
