
Microsoft Visual Studio Solution File, Format Version 12.00
# Visual Studio Version 17
VisualStudioVersion = 17.7.34031.279
MinimumVisualStudioVersion = 10.0.40219.1
Project("{8BC9CEB8-8B4A-11D0-8D11-00A0C91BC942}") = "Lab4", "Lab4.vcxproj", "{DA568A82-EA4D-404E-BF70-BE3862CE2CEE}"
EndProject
Global
	GlobalSection(SolutionConfigurationPlatforms) = preSolution
		Debug|x64 = Debug|x64
		Debug|x86 = Debug|x86
		Release|x64 = Release|x64
		Release|x86 = Release|x86
	EndGlobalSection
	GlobalSection(ProjectConfigurationPlatforms) = postSolution
		{DA568A82-EA4D-404E-BF70-BE3862CE2CEE}.Debug|x64.ActiveCfg = Debug|x64
		{DA568A82-EA4D-404E-BF70-BE3862CE2CEE}.Debug|x64.Build.0 = Debug|x64
		{DA568A82-EA4D-404E-BF70-BE3862CE2CEE}.Debug|x86.ActiveCfg = Debug|Win32
		{DA568A82-EA4D-404E-BF70-BE3862CE2CEE}.Debug|x86.Build.0 = Debug|Win32
		{DA568A82-EA4D-404E-BF70-BE3862CE2CEE}.Release|x64.ActiveCfg = Release|x64
		{DA568A82-EA4D-404E-BF70-BE3862CE2CEE}.Release|x64.Build.0 = Release|x64
		{DA568A82-EA4D-404E-BF70-BE3862CE2CEE}.Release|x86.ActiveCfg = Release|Win32
		{DA568A82-EA4D-404E-BF70-BE3862CE2CEE}.Release|x86.Build.0 = Release|Win32
	EndGlobalSection
	GlobalSection(SolutionProperties) = preSolution
		HideSolutionNode = FALSE
	EndGlobalSection
	GlobalSection(ExtensibilityGlobals) = postSolution
		SolutionGuid = {A67B8323-5BEF-42D8-8CDE-145C37B01315}
	EndGlobalSection
EndGlobal
