
Microsoft Visual Studio Solution File, Format Version 12.00
# Visual Studio Version 16
VisualStudioVersion = 16.0.31624.102
MinimumVisualStudioVersion = 10.0.40219.1
Project("{8BC9CEB8-8B4A-11D0-8D11-00A0C91BC942}") = "1", "1\1.vcxproj", "{E12839B7-69D2-46DD-B25B-835E18F9B066}"
EndProject
Project("{8BC9CEB8-8B4A-11D0-8D11-00A0C91BC942}") = "2", "2\2.vcxproj", "{5E463BD7-9058-49B6-9620-3314B83AC5A2}"
EndProject
Project("{8BC9CEB8-8B4A-11D0-8D11-00A0C91BC942}") = "3", "3\3.vcxproj", "{D76EB1A3-DB37-4A97-B796-8F5D7C01D47D}"
EndProject
Project("{8BC9CEB8-8B4A-11D0-8D11-00A0C91BC942}") = "4", "4\4.vcxproj", "{3E3C159A-81FB-4AFA-BB3F-BE3966C6FB61}"
EndProject
Project("{8BC9CEB8-8B4A-11D0-8D11-00A0C91BC942}") = "5", "5\5.vcxproj", "{E03BC3AF-231B-4158-9BC0-5D00B0AAF88D}"
EndProject
Project("{8BC9CEB8-8B4A-11D0-8D11-00A0C91BC942}") = "6", "6\6.vcxproj", "{3874009C-E7BE-420F-87BF-AFC58DF3AE5C}"
EndProject
Project("{8BC9CEB8-8B4A-11D0-8D11-00A0C91BC942}") = "7", "7\7.vcxproj", "{A22CF890-EAF3-4D1E-B8A6-451A48CF5494}"
EndProject
Project("{8BC9CEB8-8B4A-11D0-8D11-00A0C91BC942}") = "8", "8\8.vcxproj", "{52628C53-537A-4F1D-A0BC-C2A5305BD0C0}"
EndProject
Project("{8BC9CEB8-8B4A-11D0-8D11-00A0C91BC942}") = "9", "9\9.vcxproj", "{3485BCD4-C505-4544-B82B-1567C3210074}"
EndProject
Global
	GlobalSection(SolutionConfigurationPlatforms) = preSolution
		Debug|x64 = Debug|x64
		Debug|x86 = Debug|x86
		Release|x64 = Release|x64
		Release|x86 = Release|x86
	EndGlobalSection
	GlobalSection(ProjectConfigurationPlatforms) = postSolution
		{E12839B7-69D2-46DD-B25B-835E18F9B066}.Debug|x64.ActiveCfg = Debug|x64
		{E12839B7-69D2-46DD-B25B-835E18F9B066}.Debug|x64.Build.0 = Debug|x64
		{E12839B7-69D2-46DD-B25B-835E18F9B066}.Debug|x86.ActiveCfg = Debug|Win32
		{E12839B7-69D2-46DD-B25B-835E18F9B066}.Debug|x86.Build.0 = Debug|Win32
		{E12839B7-69D2-46DD-B25B-835E18F9B066}.Release|x64.ActiveCfg = Release|x64
		{E12839B7-69D2-46DD-B25B-835E18F9B066}.Release|x64.Build.0 = Release|x64
		{E12839B7-69D2-46DD-B25B-835E18F9B066}.Release|x86.ActiveCfg = Release|Win32
		{E12839B7-69D2-46DD-B25B-835E18F9B066}.Release|x86.Build.0 = Release|Win32
		{5E463BD7-9058-49B6-9620-3314B83AC5A2}.Debug|x64.ActiveCfg = Debug|x64
		{5E463BD7-9058-49B6-9620-3314B83AC5A2}.Debug|x64.Build.0 = Debug|x64
		{5E463BD7-9058-49B6-9620-3314B83AC5A2}.Debug|x86.ActiveCfg = Debug|Win32
		{5E463BD7-9058-49B6-9620-3314B83AC5A2}.Debug|x86.Build.0 = Debug|Win32
		{5E463BD7-9058-49B6-9620-3314B83AC5A2}.Release|x64.ActiveCfg = Release|x64
		{5E463BD7-9058-49B6-9620-3314B83AC5A2}.Release|x64.Build.0 = Release|x64
		{5E463BD7-9058-49B6-9620-3314B83AC5A2}.Release|x86.ActiveCfg = Release|Win32
		{5E463BD7-9058-49B6-9620-3314B83AC5A2}.Release|x86.Build.0 = Release|Win32
		{D76EB1A3-DB37-4A97-B796-8F5D7C01D47D}.Debug|x64.ActiveCfg = Debug|x64
		{D76EB1A3-DB37-4A97-B796-8F5D7C01D47D}.Debug|x64.Build.0 = Debug|x64
		{D76EB1A3-DB37-4A97-B796-8F5D7C01D47D}.Debug|x86.ActiveCfg = Debug|Win32
		{D76EB1A3-DB37-4A97-B796-8F5D7C01D47D}.Debug|x86.Build.0 = Debug|Win32
		{D76EB1A3-DB37-4A97-B796-8F5D7C01D47D}.Release|x64.ActiveCfg = Release|x64
		{D76EB1A3-DB37-4A97-B796-8F5D7C01D47D}.Release|x64.Build.0 = Release|x64
		{D76EB1A3-DB37-4A97-B796-8F5D7C01D47D}.Release|x86.ActiveCfg = Release|Win32
		{D76EB1A3-DB37-4A97-B796-8F5D7C01D47D}.Release|x86.Build.0 = Release|Win32
		{3E3C159A-81FB-4AFA-BB3F-BE3966C6FB61}.Debug|x64.ActiveCfg = Debug|x64
		{3E3C159A-81FB-4AFA-BB3F-BE3966C6FB61}.Debug|x64.Build.0 = Debug|x64
		{3E3C159A-81FB-4AFA-BB3F-BE3966C6FB61}.Debug|x86.ActiveCfg = Debug|Win32
		{3E3C159A-81FB-4AFA-BB3F-BE3966C6FB61}.Debug|x86.Build.0 = Debug|Win32
		{3E3C159A-81FB-4AFA-BB3F-BE3966C6FB61}.Release|x64.ActiveCfg = Release|x64
		{3E3C159A-81FB-4AFA-BB3F-BE3966C6FB61}.Release|x64.Build.0 = Release|x64
		{3E3C159A-81FB-4AFA-BB3F-BE3966C6FB61}.Release|x86.ActiveCfg = Release|Win32
		{3E3C159A-81FB-4AFA-BB3F-BE3966C6FB61}.Release|x86.Build.0 = Release|Win32
		{E03BC3AF-231B-4158-9BC0-5D00B0AAF88D}.Debug|x64.ActiveCfg = Debug|x64
		{E03BC3AF-231B-4158-9BC0-5D00B0AAF88D}.Debug|x64.Build.0 = Debug|x64
		{E03BC3AF-231B-4158-9BC0-5D00B0AAF88D}.Debug|x86.ActiveCfg = Debug|Win32
		{E03BC3AF-231B-4158-9BC0-5D00B0AAF88D}.Debug|x86.Build.0 = Debug|Win32
		{E03BC3AF-231B-4158-9BC0-5D00B0AAF88D}.Release|x64.ActiveCfg = Release|x64
		{E03BC3AF-231B-4158-9BC0-5D00B0AAF88D}.Release|x64.Build.0 = Release|x64
		{E03BC3AF-231B-4158-9BC0-5D00B0AAF88D}.Release|x86.ActiveCfg = Release|Win32
		{E03BC3AF-231B-4158-9BC0-5D00B0AAF88D}.Release|x86.Build.0 = Release|Win32
		{3874009C-E7BE-420F-87BF-AFC58DF3AE5C}.Debug|x64.ActiveCfg = Debug|x64
		{3874009C-E7BE-420F-87BF-AFC58DF3AE5C}.Debug|x64.Build.0 = Debug|x64
		{3874009C-E7BE-420F-87BF-AFC58DF3AE5C}.Debug|x86.ActiveCfg = Debug|Win32
		{3874009C-E7BE-420F-87BF-AFC58DF3AE5C}.Debug|x86.Build.0 = Debug|Win32
		{3874009C-E7BE-420F-87BF-AFC58DF3AE5C}.Release|x64.ActiveCfg = Release|x64
		{3874009C-E7BE-420F-87BF-AFC58DF3AE5C}.Release|x64.Build.0 = Release|x64
		{3874009C-E7BE-420F-87BF-AFC58DF3AE5C}.Release|x86.ActiveCfg = Release|Win32
		{3874009C-E7BE-420F-87BF-AFC58DF3AE5C}.Release|x86.Build.0 = Release|Win32
		{A22CF890-EAF3-4D1E-B8A6-451A48CF5494}.Debug|x64.ActiveCfg = Debug|x64
		{A22CF890-EAF3-4D1E-B8A6-451A48CF5494}.Debug|x64.Build.0 = Debug|x64
		{A22CF890-EAF3-4D1E-B8A6-451A48CF5494}.Debug|x86.ActiveCfg = Debug|Win32
		{A22CF890-EAF3-4D1E-B8A6-451A48CF5494}.Debug|x86.Build.0 = Debug|Win32
		{A22CF890-EAF3-4D1E-B8A6-451A48CF5494}.Release|x64.ActiveCfg = Release|x64
		{A22CF890-EAF3-4D1E-B8A6-451A48CF5494}.Release|x64.Build.0 = Release|x64
		{A22CF890-EAF3-4D1E-B8A6-451A48CF5494}.Release|x86.ActiveCfg = Release|Win32
		{A22CF890-EAF3-4D1E-B8A6-451A48CF5494}.Release|x86.Build.0 = Release|Win32
		{52628C53-537A-4F1D-A0BC-C2A5305BD0C0}.Debug|x64.ActiveCfg = Debug|x64
		{52628C53-537A-4F1D-A0BC-C2A5305BD0C0}.Debug|x64.Build.0 = Debug|x64
		{52628C53-537A-4F1D-A0BC-C2A5305BD0C0}.Debug|x86.ActiveCfg = Debug|Win32
		{52628C53-537A-4F1D-A0BC-C2A5305BD0C0}.Debug|x86.Build.0 = Debug|Win32
		{52628C53-537A-4F1D-A0BC-C2A5305BD0C0}.Release|x64.ActiveCfg = Release|x64
		{52628C53-537A-4F1D-A0BC-C2A5305BD0C0}.Release|x64.Build.0 = Release|x64
		{52628C53-537A-4F1D-A0BC-C2A5305BD0C0}.Release|x86.ActiveCfg = Release|Win32
		{52628C53-537A-4F1D-A0BC-C2A5305BD0C0}.Release|x86.Build.0 = Release|Win32
		{3485BCD4-C505-4544-B82B-1567C3210074}.Debug|x64.ActiveCfg = Debug|x64
		{3485BCD4-C505-4544-B82B-1567C3210074}.Debug|x64.Build.0 = Debug|x64
		{3485BCD4-C505-4544-B82B-1567C3210074}.Debug|x86.ActiveCfg = Debug|Win32
		{3485BCD4-C505-4544-B82B-1567C3210074}.Debug|x86.Build.0 = Debug|Win32
		{3485BCD4-C505-4544-B82B-1567C3210074}.Release|x64.ActiveCfg = Release|x64
		{3485BCD4-C505-4544-B82B-1567C3210074}.Release|x64.Build.0 = Release|x64
		{3485BCD4-C505-4544-B82B-1567C3210074}.Release|x86.ActiveCfg = Release|Win32
		{3485BCD4-C505-4544-B82B-1567C3210074}.Release|x86.Build.0 = Release|Win32
	EndGlobalSection
	GlobalSection(SolutionProperties) = preSolution
		HideSolutionNode = FALSE
	EndGlobalSection
	GlobalSection(ExtensibilityGlobals) = postSolution
		SolutionGuid = {A7AA7D97-0CBD-441F-AC93-02165BBB6990}
	EndGlobalSection
EndGlobal
