
Microsoft Visual Studio Solution File, Format Version 12.00
# Visual Studio Version 16
VisualStudioVersion = 16.0.31624.102
MinimumVisualStudioVersion = 10.0.40219.1
Project("{8BC9CEB8-8B4A-11D0-8D11-00A0C91BC942}") = "1", "1\1.vcxproj", "{E9A73CBA-02A5-4324-9F90-490D4FE5A3CA}"
EndProject
Project("{8BC9CEB8-8B4A-11D0-8D11-00A0C91BC942}") = "2", "2\2.vcxproj", "{E49086B7-44F9-4C7A-A337-2DE74C99F817}"
EndProject
Project("{8BC9CEB8-8B4A-11D0-8D11-00A0C91BC942}") = "dop_1", "dop_1\dop_1.vcxproj", "{6F2E330D-08F3-421E-8A9C-B5928BE14891}"
EndProject
Project("{8BC9CEB8-8B4A-11D0-8D11-00A0C91BC942}") = "dop_2", "dop_2\dop_2.vcxproj", "{AB64F9EA-240E-41C3-811A-3B619287C7A4}"
EndProject
Project("{8BC9CEB8-8B4A-11D0-8D11-00A0C91BC942}") = "dop_3", "dop_3\dop_3.vcxproj", "{10A770D7-F290-4013-AF6F-16204CEE8FB8}"
EndProject
Project("{8BC9CEB8-8B4A-11D0-8D11-00A0C91BC942}") = "3.3", "3.3\3.3.vcxproj", "{28E65866-C04D-4653-A8D5-37B12761A7E5}"
EndProject
Project("{8BC9CEB8-8B4A-11D0-8D11-00A0C91BC942}") = "StaticLib1", "StaticLib1\StaticLib1.vcxproj", "{52349565-8208-4BB4-9B04-FBEC7B7093C3}"
EndProject
Project("{8BC9CEB8-8B4A-11D0-8D11-00A0C91BC942}") = "Dll1", "Dll1\Dll1.vcxproj", "{6D59FE16-062F-40AE-852E-E8EECB786D6A}"
EndProject
Project("{8BC9CEB8-8B4A-11D0-8D11-00A0C91BC942}") = "3.1", "3.1\3.1.vcxproj", "{0AE8D826-0420-4326-BE39-94655D1A0A1A}"
EndProject
Project("{8BC9CEB8-8B4A-11D0-8D11-00A0C91BC942}") = "3.2", "3.2\3.2.vcxproj", "{68376769-8C54-4EC6-B784-5DC55D6AAF97}"
EndProject
Project("{8BC9CEB8-8B4A-11D0-8D11-00A0C91BC942}") = "Test1", "Test1\Test1.vcxproj", "{DA871EE2-847F-43A1-BED3-63F380988922}"
EndProject
Global
	GlobalSection(SolutionConfigurationPlatforms) = preSolution
		Debug|x64 = Debug|x64
		Debug|x86 = Debug|x86
		Release|x64 = Release|x64
		Release|x86 = Release|x86
	EndGlobalSection
	GlobalSection(ProjectConfigurationPlatforms) = postSolution
		{E9A73CBA-02A5-4324-9F90-490D4FE5A3CA}.Debug|x64.ActiveCfg = Debug|x64
		{E9A73CBA-02A5-4324-9F90-490D4FE5A3CA}.Debug|x64.Build.0 = Debug|x64
		{E9A73CBA-02A5-4324-9F90-490D4FE5A3CA}.Debug|x86.ActiveCfg = Debug|Win32
		{E9A73CBA-02A5-4324-9F90-490D4FE5A3CA}.Debug|x86.Build.0 = Debug|Win32
		{E9A73CBA-02A5-4324-9F90-490D4FE5A3CA}.Release|x64.ActiveCfg = Release|x64
		{E9A73CBA-02A5-4324-9F90-490D4FE5A3CA}.Release|x64.Build.0 = Release|x64
		{E9A73CBA-02A5-4324-9F90-490D4FE5A3CA}.Release|x86.ActiveCfg = Release|Win32
		{E9A73CBA-02A5-4324-9F90-490D4FE5A3CA}.Release|x86.Build.0 = Release|Win32
		{E49086B7-44F9-4C7A-A337-2DE74C99F817}.Debug|x64.ActiveCfg = Debug|x64
		{E49086B7-44F9-4C7A-A337-2DE74C99F817}.Debug|x64.Build.0 = Debug|x64
		{E49086B7-44F9-4C7A-A337-2DE74C99F817}.Debug|x86.ActiveCfg = Debug|Win32
		{E49086B7-44F9-4C7A-A337-2DE74C99F817}.Debug|x86.Build.0 = Debug|Win32
		{E49086B7-44F9-4C7A-A337-2DE74C99F817}.Release|x64.ActiveCfg = Release|x64
		{E49086B7-44F9-4C7A-A337-2DE74C99F817}.Release|x64.Build.0 = Release|x64
		{E49086B7-44F9-4C7A-A337-2DE74C99F817}.Release|x86.ActiveCfg = Release|Win32
		{E49086B7-44F9-4C7A-A337-2DE74C99F817}.Release|x86.Build.0 = Release|Win32
		{6F2E330D-08F3-421E-8A9C-B5928BE14891}.Debug|x64.ActiveCfg = Debug|x64
		{6F2E330D-08F3-421E-8A9C-B5928BE14891}.Debug|x64.Build.0 = Debug|x64
		{6F2E330D-08F3-421E-8A9C-B5928BE14891}.Debug|x86.ActiveCfg = Debug|Win32
		{6F2E330D-08F3-421E-8A9C-B5928BE14891}.Debug|x86.Build.0 = Debug|Win32
		{6F2E330D-08F3-421E-8A9C-B5928BE14891}.Release|x64.ActiveCfg = Release|x64
		{6F2E330D-08F3-421E-8A9C-B5928BE14891}.Release|x64.Build.0 = Release|x64
		{6F2E330D-08F3-421E-8A9C-B5928BE14891}.Release|x86.ActiveCfg = Release|Win32
		{6F2E330D-08F3-421E-8A9C-B5928BE14891}.Release|x86.Build.0 = Release|Win32
		{AB64F9EA-240E-41C3-811A-3B619287C7A4}.Debug|x64.ActiveCfg = Debug|x64
		{AB64F9EA-240E-41C3-811A-3B619287C7A4}.Debug|x64.Build.0 = Debug|x64
		{AB64F9EA-240E-41C3-811A-3B619287C7A4}.Debug|x86.ActiveCfg = Debug|Win32
		{AB64F9EA-240E-41C3-811A-3B619287C7A4}.Debug|x86.Build.0 = Debug|Win32
		{AB64F9EA-240E-41C3-811A-3B619287C7A4}.Release|x64.ActiveCfg = Release|x64
		{AB64F9EA-240E-41C3-811A-3B619287C7A4}.Release|x64.Build.0 = Release|x64
		{AB64F9EA-240E-41C3-811A-3B619287C7A4}.Release|x86.ActiveCfg = Release|Win32
		{AB64F9EA-240E-41C3-811A-3B619287C7A4}.Release|x86.Build.0 = Release|Win32
		{10A770D7-F290-4013-AF6F-16204CEE8FB8}.Debug|x64.ActiveCfg = Debug|x64
		{10A770D7-F290-4013-AF6F-16204CEE8FB8}.Debug|x64.Build.0 = Debug|x64
		{10A770D7-F290-4013-AF6F-16204CEE8FB8}.Debug|x86.ActiveCfg = Debug|Win32
		{10A770D7-F290-4013-AF6F-16204CEE8FB8}.Debug|x86.Build.0 = Debug|Win32
		{10A770D7-F290-4013-AF6F-16204CEE8FB8}.Release|x64.ActiveCfg = Release|x64
		{10A770D7-F290-4013-AF6F-16204CEE8FB8}.Release|x64.Build.0 = Release|x64
		{10A770D7-F290-4013-AF6F-16204CEE8FB8}.Release|x86.ActiveCfg = Release|Win32
		{10A770D7-F290-4013-AF6F-16204CEE8FB8}.Release|x86.Build.0 = Release|Win32
		{28E65866-C04D-4653-A8D5-37B12761A7E5}.Debug|x64.ActiveCfg = Debug|x64
		{28E65866-C04D-4653-A8D5-37B12761A7E5}.Debug|x64.Build.0 = Debug|x64
		{28E65866-C04D-4653-A8D5-37B12761A7E5}.Debug|x86.ActiveCfg = Debug|Win32
		{28E65866-C04D-4653-A8D5-37B12761A7E5}.Debug|x86.Build.0 = Debug|Win32
		{28E65866-C04D-4653-A8D5-37B12761A7E5}.Release|x64.ActiveCfg = Release|x64
		{28E65866-C04D-4653-A8D5-37B12761A7E5}.Release|x64.Build.0 = Release|x64
		{28E65866-C04D-4653-A8D5-37B12761A7E5}.Release|x86.ActiveCfg = Release|Win32
		{28E65866-C04D-4653-A8D5-37B12761A7E5}.Release|x86.Build.0 = Release|Win32
		{52349565-8208-4BB4-9B04-FBEC7B7093C3}.Debug|x64.ActiveCfg = Debug|x64
		{52349565-8208-4BB4-9B04-FBEC7B7093C3}.Debug|x64.Build.0 = Debug|x64
		{52349565-8208-4BB4-9B04-FBEC7B7093C3}.Debug|x86.ActiveCfg = Debug|Win32
		{52349565-8208-4BB4-9B04-FBEC7B7093C3}.Debug|x86.Build.0 = Debug|Win32
		{52349565-8208-4BB4-9B04-FBEC7B7093C3}.Release|x64.ActiveCfg = Release|x64
		{52349565-8208-4BB4-9B04-FBEC7B7093C3}.Release|x64.Build.0 = Release|x64
		{52349565-8208-4BB4-9B04-FBEC7B7093C3}.Release|x86.ActiveCfg = Release|Win32
		{52349565-8208-4BB4-9B04-FBEC7B7093C3}.Release|x86.Build.0 = Release|Win32
		{6D59FE16-062F-40AE-852E-E8EECB786D6A}.Debug|x64.ActiveCfg = Debug|x64
		{6D59FE16-062F-40AE-852E-E8EECB786D6A}.Debug|x64.Build.0 = Debug|x64
		{6D59FE16-062F-40AE-852E-E8EECB786D6A}.Debug|x86.ActiveCfg = Debug|Win32
		{6D59FE16-062F-40AE-852E-E8EECB786D6A}.Debug|x86.Build.0 = Debug|Win32
		{6D59FE16-062F-40AE-852E-E8EECB786D6A}.Release|x64.ActiveCfg = Release|x64
		{6D59FE16-062F-40AE-852E-E8EECB786D6A}.Release|x64.Build.0 = Release|x64
		{6D59FE16-062F-40AE-852E-E8EECB786D6A}.Release|x86.ActiveCfg = Release|Win32
		{6D59FE16-062F-40AE-852E-E8EECB786D6A}.Release|x86.Build.0 = Release|Win32
		{0AE8D826-0420-4326-BE39-94655D1A0A1A}.Debug|x64.ActiveCfg = Debug|x64
		{0AE8D826-0420-4326-BE39-94655D1A0A1A}.Debug|x64.Build.0 = Debug|x64
		{0AE8D826-0420-4326-BE39-94655D1A0A1A}.Debug|x86.ActiveCfg = Debug|Win32
		{0AE8D826-0420-4326-BE39-94655D1A0A1A}.Debug|x86.Build.0 = Debug|Win32
		{0AE8D826-0420-4326-BE39-94655D1A0A1A}.Release|x64.ActiveCfg = Release|x64
		{0AE8D826-0420-4326-BE39-94655D1A0A1A}.Release|x64.Build.0 = Release|x64
		{0AE8D826-0420-4326-BE39-94655D1A0A1A}.Release|x86.ActiveCfg = Release|Win32
		{0AE8D826-0420-4326-BE39-94655D1A0A1A}.Release|x86.Build.0 = Release|Win32
		{68376769-8C54-4EC6-B784-5DC55D6AAF97}.Debug|x64.ActiveCfg = Debug|x64
		{68376769-8C54-4EC6-B784-5DC55D6AAF97}.Debug|x64.Build.0 = Debug|x64
		{68376769-8C54-4EC6-B784-5DC55D6AAF97}.Debug|x86.ActiveCfg = Debug|Win32
		{68376769-8C54-4EC6-B784-5DC55D6AAF97}.Debug|x86.Build.0 = Debug|Win32
		{68376769-8C54-4EC6-B784-5DC55D6AAF97}.Release|x64.ActiveCfg = Release|x64
		{68376769-8C54-4EC6-B784-5DC55D6AAF97}.Release|x64.Build.0 = Release|x64
		{68376769-8C54-4EC6-B784-5DC55D6AAF97}.Release|x86.ActiveCfg = Release|Win32
		{68376769-8C54-4EC6-B784-5DC55D6AAF97}.Release|x86.Build.0 = Release|Win32
		{DA871EE2-847F-43A1-BED3-63F380988922}.Debug|x64.ActiveCfg = Debug|x64
		{DA871EE2-847F-43A1-BED3-63F380988922}.Debug|x64.Build.0 = Debug|x64
		{DA871EE2-847F-43A1-BED3-63F380988922}.Debug|x86.ActiveCfg = Debug|Win32
		{DA871EE2-847F-43A1-BED3-63F380988922}.Debug|x86.Build.0 = Debug|Win32
		{DA871EE2-847F-43A1-BED3-63F380988922}.Release|x64.ActiveCfg = Release|x64
		{DA871EE2-847F-43A1-BED3-63F380988922}.Release|x64.Build.0 = Release|x64
		{DA871EE2-847F-43A1-BED3-63F380988922}.Release|x86.ActiveCfg = Release|Win32
		{DA871EE2-847F-43A1-BED3-63F380988922}.Release|x86.Build.0 = Release|Win32
	EndGlobalSection
	GlobalSection(SolutionProperties) = preSolution
		HideSolutionNode = FALSE
	EndGlobalSection
	GlobalSection(ExtensibilityGlobals) = postSolution
		SolutionGuid = {0315D9AA-6B15-44A0-B535-F38D795F67AC}
	EndGlobalSection
EndGlobal
