
Microsoft Visual Studio Solution File, Format Version 12.00
# Visual Studio Version 16
VisualStudioVersion = 16.0.31624.102
MinimumVisualStudioVersion = 10.0.40219.1
Project("{8BC9CEB8-8B4A-11D0-8D11-00A0C91BC942}") = "1", "1\1.vcxproj", "{E573B940-D509-4ABE-B705-AC406852120A}"
EndProject
Project("{8BC9CEB8-8B4A-11D0-8D11-00A0C91BC942}") = "2", "2\2.vcxproj", "{BE93F767-7E04-4F8D-8550-EEE0FB8594CC}"
EndProject
Project("{8BC9CEB8-8B4A-11D0-8D11-00A0C91BC942}") = "3", "3\3.vcxproj", "{722E24CB-7D47-49C9-89EF-D5322DB0D5E7}"
EndProject
Project("{8BC9CEB8-8B4A-11D0-8D11-00A0C91BC942}") = "4", "4\4.vcxproj", "{415F8C53-53B2-4819-8EFD-835E8E867018}"
EndProject
Project("{8BC9CEB8-8B4A-11D0-8D11-00A0C91BC942}") = "5", "5\5.vcxproj", "{718A2D6B-4774-4326-8574-A860E0C816CC}"
EndProject
Project("{8BC9CEB8-8B4A-11D0-8D11-00A0C91BC942}") = "6", "6\6.vcxproj", "{C6A6B34D-2BF0-4BA2-9F14-4185EFFE59A3}"
EndProject
Project("{8BC9CEB8-8B4A-11D0-8D11-00A0C91BC942}") = "7", "7\7.vcxproj", "{1F0A8AE4-C803-469B-B97A-709BDBE7E3E5}"
EndProject
Project("{8BC9CEB8-8B4A-11D0-8D11-00A0C91BC942}") = "8", "8\8.vcxproj", "{976E6967-94F4-4668-B5C8-8713D937A201}"
EndProject
Project("{8BC9CEB8-8B4A-11D0-8D11-00A0C91BC942}") = "9", "9\9.vcxproj", "{68B59B0B-8C93-4564-B065-74139CD3D415}"
EndProject
Project("{8BC9CEB8-8B4A-11D0-8D11-00A0C91BC942}") = "Tests", "Tests\Tests.vcxproj", "{1ED1B81F-4CF1-4F70-AF60-BD004F9E3FFA}"
EndProject
Global
	GlobalSection(SolutionConfigurationPlatforms) = preSolution
		Debug|x64 = Debug|x64
		Debug|x86 = Debug|x86
		Release|x64 = Release|x64
		Release|x86 = Release|x86
	EndGlobalSection
	GlobalSection(ProjectConfigurationPlatforms) = postSolution
		{E573B940-D509-4ABE-B705-AC406852120A}.Debug|x64.ActiveCfg = Debug|x64
		{E573B940-D509-4ABE-B705-AC406852120A}.Debug|x64.Build.0 = Debug|x64
		{E573B940-D509-4ABE-B705-AC406852120A}.Debug|x86.ActiveCfg = Debug|Win32
		{E573B940-D509-4ABE-B705-AC406852120A}.Debug|x86.Build.0 = Debug|Win32
		{E573B940-D509-4ABE-B705-AC406852120A}.Release|x64.ActiveCfg = Release|x64
		{E573B940-D509-4ABE-B705-AC406852120A}.Release|x64.Build.0 = Release|x64
		{E573B940-D509-4ABE-B705-AC406852120A}.Release|x86.ActiveCfg = Release|Win32
		{E573B940-D509-4ABE-B705-AC406852120A}.Release|x86.Build.0 = Release|Win32
		{BE93F767-7E04-4F8D-8550-EEE0FB8594CC}.Debug|x64.ActiveCfg = Debug|x64
		{BE93F767-7E04-4F8D-8550-EEE0FB8594CC}.Debug|x64.Build.0 = Debug|x64
		{BE93F767-7E04-4F8D-8550-EEE0FB8594CC}.Debug|x86.ActiveCfg = Debug|Win32
		{BE93F767-7E04-4F8D-8550-EEE0FB8594CC}.Debug|x86.Build.0 = Debug|Win32
		{BE93F767-7E04-4F8D-8550-EEE0FB8594CC}.Release|x64.ActiveCfg = Release|x64
		{BE93F767-7E04-4F8D-8550-EEE0FB8594CC}.Release|x64.Build.0 = Release|x64
		{BE93F767-7E04-4F8D-8550-EEE0FB8594CC}.Release|x86.ActiveCfg = Release|Win32
		{BE93F767-7E04-4F8D-8550-EEE0FB8594CC}.Release|x86.Build.0 = Release|Win32
		{722E24CB-7D47-49C9-89EF-D5322DB0D5E7}.Debug|x64.ActiveCfg = Debug|x64
		{722E24CB-7D47-49C9-89EF-D5322DB0D5E7}.Debug|x64.Build.0 = Debug|x64
		{722E24CB-7D47-49C9-89EF-D5322DB0D5E7}.Debug|x86.ActiveCfg = Debug|Win32
		{722E24CB-7D47-49C9-89EF-D5322DB0D5E7}.Debug|x86.Build.0 = Debug|Win32
		{722E24CB-7D47-49C9-89EF-D5322DB0D5E7}.Release|x64.ActiveCfg = Release|x64
		{722E24CB-7D47-49C9-89EF-D5322DB0D5E7}.Release|x64.Build.0 = Release|x64
		{722E24CB-7D47-49C9-89EF-D5322DB0D5E7}.Release|x86.ActiveCfg = Release|Win32
		{722E24CB-7D47-49C9-89EF-D5322DB0D5E7}.Release|x86.Build.0 = Release|Win32
		{415F8C53-53B2-4819-8EFD-835E8E867018}.Debug|x64.ActiveCfg = Debug|x64
		{415F8C53-53B2-4819-8EFD-835E8E867018}.Debug|x64.Build.0 = Debug|x64
		{415F8C53-53B2-4819-8EFD-835E8E867018}.Debug|x86.ActiveCfg = Debug|Win32
		{415F8C53-53B2-4819-8EFD-835E8E867018}.Debug|x86.Build.0 = Debug|Win32
		{415F8C53-53B2-4819-8EFD-835E8E867018}.Release|x64.ActiveCfg = Release|x64
		{415F8C53-53B2-4819-8EFD-835E8E867018}.Release|x64.Build.0 = Release|x64
		{415F8C53-53B2-4819-8EFD-835E8E867018}.Release|x86.ActiveCfg = Release|Win32
		{415F8C53-53B2-4819-8EFD-835E8E867018}.Release|x86.Build.0 = Release|Win32
		{718A2D6B-4774-4326-8574-A860E0C816CC}.Debug|x64.ActiveCfg = Debug|x64
		{718A2D6B-4774-4326-8574-A860E0C816CC}.Debug|x64.Build.0 = Debug|x64
		{718A2D6B-4774-4326-8574-A860E0C816CC}.Debug|x86.ActiveCfg = Debug|Win32
		{718A2D6B-4774-4326-8574-A860E0C816CC}.Debug|x86.Build.0 = Debug|Win32
		{718A2D6B-4774-4326-8574-A860E0C816CC}.Release|x64.ActiveCfg = Release|x64
		{718A2D6B-4774-4326-8574-A860E0C816CC}.Release|x64.Build.0 = Release|x64
		{718A2D6B-4774-4326-8574-A860E0C816CC}.Release|x86.ActiveCfg = Release|Win32
		{718A2D6B-4774-4326-8574-A860E0C816CC}.Release|x86.Build.0 = Release|Win32
		{C6A6B34D-2BF0-4BA2-9F14-4185EFFE59A3}.Debug|x64.ActiveCfg = Debug|x64
		{C6A6B34D-2BF0-4BA2-9F14-4185EFFE59A3}.Debug|x64.Build.0 = Debug|x64
		{C6A6B34D-2BF0-4BA2-9F14-4185EFFE59A3}.Debug|x86.ActiveCfg = Debug|Win32
		{C6A6B34D-2BF0-4BA2-9F14-4185EFFE59A3}.Debug|x86.Build.0 = Debug|Win32
		{C6A6B34D-2BF0-4BA2-9F14-4185EFFE59A3}.Release|x64.ActiveCfg = Release|x64
		{C6A6B34D-2BF0-4BA2-9F14-4185EFFE59A3}.Release|x64.Build.0 = Release|x64
		{C6A6B34D-2BF0-4BA2-9F14-4185EFFE59A3}.Release|x86.ActiveCfg = Release|Win32
		{C6A6B34D-2BF0-4BA2-9F14-4185EFFE59A3}.Release|x86.Build.0 = Release|Win32
		{1F0A8AE4-C803-469B-B97A-709BDBE7E3E5}.Debug|x64.ActiveCfg = Debug|x64
		{1F0A8AE4-C803-469B-B97A-709BDBE7E3E5}.Debug|x64.Build.0 = Debug|x64
		{1F0A8AE4-C803-469B-B97A-709BDBE7E3E5}.Debug|x86.ActiveCfg = Debug|Win32
		{1F0A8AE4-C803-469B-B97A-709BDBE7E3E5}.Debug|x86.Build.0 = Debug|Win32
		{1F0A8AE4-C803-469B-B97A-709BDBE7E3E5}.Release|x64.ActiveCfg = Release|x64
		{1F0A8AE4-C803-469B-B97A-709BDBE7E3E5}.Release|x64.Build.0 = Release|x64
		{1F0A8AE4-C803-469B-B97A-709BDBE7E3E5}.Release|x86.ActiveCfg = Release|Win32
		{1F0A8AE4-C803-469B-B97A-709BDBE7E3E5}.Release|x86.Build.0 = Release|Win32
		{976E6967-94F4-4668-B5C8-8713D937A201}.Debug|x64.ActiveCfg = Debug|x64
		{976E6967-94F4-4668-B5C8-8713D937A201}.Debug|x64.Build.0 = Debug|x64
		{976E6967-94F4-4668-B5C8-8713D937A201}.Debug|x86.ActiveCfg = Debug|Win32
		{976E6967-94F4-4668-B5C8-8713D937A201}.Debug|x86.Build.0 = Debug|Win32
		{976E6967-94F4-4668-B5C8-8713D937A201}.Release|x64.ActiveCfg = Release|x64
		{976E6967-94F4-4668-B5C8-8713D937A201}.Release|x64.Build.0 = Release|x64
		{976E6967-94F4-4668-B5C8-8713D937A201}.Release|x86.ActiveCfg = Release|Win32
		{976E6967-94F4-4668-B5C8-8713D937A201}.Release|x86.Build.0 = Release|Win32
		{68B59B0B-8C93-4564-B065-74139CD3D415}.Debug|x64.ActiveCfg = Debug|x64
		{68B59B0B-8C93-4564-B065-74139CD3D415}.Debug|x64.Build.0 = Debug|x64
		{68B59B0B-8C93-4564-B065-74139CD3D415}.Debug|x86.ActiveCfg = Debug|Win32
		{68B59B0B-8C93-4564-B065-74139CD3D415}.Debug|x86.Build.0 = Debug|Win32
		{68B59B0B-8C93-4564-B065-74139CD3D415}.Release|x64.ActiveCfg = Release|x64
		{68B59B0B-8C93-4564-B065-74139CD3D415}.Release|x64.Build.0 = Release|x64
		{68B59B0B-8C93-4564-B065-74139CD3D415}.Release|x86.ActiveCfg = Release|Win32
		{68B59B0B-8C93-4564-B065-74139CD3D415}.Release|x86.Build.0 = Release|Win32
		{1ED1B81F-4CF1-4F70-AF60-BD004F9E3FFA}.Debug|x64.ActiveCfg = Debug|x64
		{1ED1B81F-4CF1-4F70-AF60-BD004F9E3FFA}.Debug|x64.Build.0 = Debug|x64
		{1ED1B81F-4CF1-4F70-AF60-BD004F9E3FFA}.Debug|x86.ActiveCfg = Debug|Win32
		{1ED1B81F-4CF1-4F70-AF60-BD004F9E3FFA}.Debug|x86.Build.0 = Debug|Win32
		{1ED1B81F-4CF1-4F70-AF60-BD004F9E3FFA}.Release|x64.ActiveCfg = Release|x64
		{1ED1B81F-4CF1-4F70-AF60-BD004F9E3FFA}.Release|x64.Build.0 = Release|x64
		{1ED1B81F-4CF1-4F70-AF60-BD004F9E3FFA}.Release|x86.ActiveCfg = Release|Win32
		{1ED1B81F-4CF1-4F70-AF60-BD004F9E3FFA}.Release|x86.Build.0 = Release|Win32
	EndGlobalSection
	GlobalSection(SolutionProperties) = preSolution
		HideSolutionNode = FALSE
	EndGlobalSection
	GlobalSection(ExtensibilityGlobals) = postSolution
		SolutionGuid = {FCA01ED4-1608-4867-A5D2-B36873484871}
	EndGlobalSection
EndGlobal
